// !$*UTF8*$!
{
	archiveVersion = 1;
	classes = {
	};
	objectVersion = 56;
	objects = {

/* Begin PBXBuildFile section */
		F79DB2092B16B8F200E53A75 /* ChatUIApp.swift in Sources */ = {isa = PBXBuildFile; fileRef = F79DB2082B16B8F200E53A75 /* ChatUIApp.swift */; };
		F79DB20B2B16B8F200E53A75 /* ContentView.swift in Sources */ = {isa = PBXBuildFile; fileRef = F79DB20A2B16B8F200E53A75 /* ContentView.swift */; };
		F79DB20D2B16B8F300E53A75 /* Assets.xcassets in Resources */ = {isa = PBXBuildFile; fileRef = F79DB20C2B16B8F300E53A75 /* Assets.xcassets */; };
		F79DB2102B16B8F300E53A75 /* Preview Assets.xcassets in Resources */ = {isa = PBXBuildFile; fileRef = F79DB20F2B16B8F300E53A75 /* Preview Assets.xcassets */; };
		F79DB21A2B16B8F300E53A75 /* ChatUITests.swift in Sources */ = {isa = PBXBuildFile; fileRef = F79DB2192B16B8F300E53A75 /* ChatUITests.swift */; };
		F79DB2242B16B8F300E53A75 /* ChatUIUITests.swift in Sources */ = {isa = PBXBuildFile; fileRef = F79DB2232B16B8F300E53A75 /* ChatUIUITests.swift */; };
		F79DB2262B16B8F300E53A75 /* ChatUIUITestsLaunchTests.swift in Sources */ = {isa = PBXBuildFile; fileRef = F79DB2252B16B8F300E53A75 /* ChatUIUITestsLaunchTests.swift */; };
/* End PBXBuildFile section */

/* Begin PBXContainerItemProxy section */
		F79DB2162B16B8F300E53A75 /* PBXContainerItemProxy */ = {
			isa = PBXContainerItemProxy;
			containerPortal = F79DB1FD2B16B8F200E53A75 /* Project object */;
			proxyType = 1;
			remoteGlobalIDString = F79DB2042B16B8F200E53A75;
			remoteInfo = ChatUI;
		};
		F79DB2202B16B8F300E53A75 /* PBXContainerItemProxy */ = {
			isa = PBXContainerItemProxy;
			containerPortal = F79DB1FD2B16B8F200E53A75 /* Project object */;
			proxyType = 1;
			remoteGlobalIDString = F79DB2042B16B8F200E53A75;
			remoteInfo = ChatUI;
		};
/* End PBXContainerItemProxy section */

/* Begin PBXFileReference section */
		F79DB2052B16B8F200E53A75 /* ChatUI.app */ = {isa = PBXFileReference; explicitFileType = wrapper.application; includeInIndex = 0; path = ChatUI.app; sourceTree = BUILT_PRODUCTS_DIR; };
		F79DB2082B16B8F200E53A75 /* ChatUIApp.swift */ = {isa = PBXFileReference; lastKnownFileType = sourcecode.swift; path = ChatUIApp.swift; sourceTree = "<group>"; };
		F79DB20A2B16B8F200E53A75 /* ContentView.swift */ = {isa = PBXFileReference; lastKnownFileType = sourcecode.swift; path = ContentView.swift; sourceTree = "<group>"; };
		F79DB20C2B16B8F300E53A75 /* Assets.xcassets */ = {isa = PBXFileReference; lastKnownFileType = folder.assetcatalog; path = Assets.xcassets; sourceTree = "<group>"; };
		F79DB20F2B16B8F300E53A75 /* Preview Assets.xcassets */ = {isa = PBXFileReference; lastKnownFileType = folder.assetcatalog; path = "Preview Assets.xcassets"; sourceTree = "<group>"; };
		F79DB2152B16B8F300E53A75 /* ChatUITests.xctest */ = {isa = PBXFileReference; explicitFileType = wrapper.cfbundle; includeInIndex = 0; path = ChatUITests.xctest; sourceTree = BUILT_PRODUCTS_DIR; };
		F79DB2192B16B8F300E53A75 /* ChatUITests.swift */ = {isa = PBXFileReference; lastKnownFileType = sourcecode.swift; path = ChatUITests.swift; sourceTree = "<group>"; };
		F79DB21F2B16B8F300E53A75 /* ChatUIUITests.xctest */ = {isa = PBXFileReference; explicitFileType = wrapper.cfbundle; includeInIndex = 0; path = ChatUIUITests.xctest; sourceTree = BUILT_PRODUCTS_DIR; };
		F79DB2232B16B8F300E53A75 /* ChatUIUITests.swift */ = {isa = PBXFileReference; lastKnownFileType = sourcecode.swift; path = ChatUIUITests.swift; sourceTree = "<group>"; };
		F79DB2252B16B8F300E53A75 /* ChatUIUITestsLaunchTests.swift */ = {isa = PBXFileReference; lastKnownFileType = sourcecode.swift; path = ChatUIUITestsLaunchTests.swift; sourceTree = "<group>"; };
/* End PBXFileReference section */

/* Begin PBXFrameworksBuildPhase section */
		F79DB2022B16B8F200E53A75 /* Frameworks */ = {
			isa = PBXFrameworksBuildPhase;
			buildActionMask = 2147483647;
			files = (
			);
			runOnlyForDeploymentPostprocessing = 0;
		};
		F79DB2122B16B8F300E53A75 /* Frameworks */ = {
			isa = PBXFrameworksBuildPhase;
			buildActionMask = 2147483647;
			files = (
			);
			runOnlyForDeploymentPostprocessing = 0;
		};
		F79DB21C2B16B8F300E53A75 /* Frameworks */ = {
			isa = PBXFrameworksBuildPhase;
			buildActionMask = 2147483647;
			files = (
			);
			runOnlyForDeploymentPostprocessing = 0;
		};
/* End PBXFrameworksBuildPhase section */

/* Begin PBXGroup section */
		F79DB1FC2B16B8F200E53A75 = {
			isa = PBXGroup;
			children = (
				F79DB2072B16B8F200E53A75 /* ChatUI */,
				F79DB2182B16B8F300E53A75 /* ChatUITests */,
				F79DB2222B16B8F300E53A75 /* ChatUIUITests */,
				F79DB2062B16B8F200E53A75 /* Products */,
			);
			sourceTree = "<group>";
		};
		F79DB2062B16B8F200E53A75 /* Products */ = {
			isa = PBXGroup;
			children = (
				F79DB2052B16B8F200E53A75 /* ChatUI.app */,
				F79DB2152B16B8F300E53A75 /* ChatUITests.xctest */,
				F79DB21F2B16B8F300E53A75 /* ChatUIUITests.xctest */,
			);
			name = Products;
			sourceTree = "<group>";
		};
		F79DB2072B16B8F200E53A75 /* ChatUI */ = {
			isa = PBXGroup;
			children = (
				F79DB2082B16B8F200E53A75 /* ChatUIApp.swift */,
				F79DB20A2B16B8F200E53A75 /* ContentView.swift */,
				F79DB20C2B16B8F300E53A75 /* Assets.xcassets */,
				F79DB20E2B16B8F300E53A75 /* Preview Content */,
			);
			path = ChatUI;
			sourceTree = "<group>";
		};
		F79DB20E2B16B8F300E53A75 /* Preview Content */ = {
			isa = PBXGroup;
			children = (
				F79DB20F2B16B8F300E53A75 /* Preview Assets.xcassets */,
			);
			path = "Preview Content";
			sourceTree = "<group>";
		};
		F79DB2182B16B8F300E53A75 /* ChatUITests */ = {
			isa = PBXGroup;
			children = (
				F79DB2192B16B8F300E53A75 /* ChatUITests.swift */,
			);
			path = ChatUITests;
			sourceTree = "<group>";
		};
		F79DB2222B16B8F300E53A75 /* ChatUIUITests */ = {
			isa = PBXGroup;
			children = (
				F79DB2232B16B8F300E53A75 /* ChatUIUITests.swift */,
				F79DB2252B16B8F300E53A75 /* ChatUIUITestsLaunchTests.swift */,
			);
			path = ChatUIUITests;
			sourceTree = "<group>";
		};
/* End PBXGroup section */

/* Begin PBXNativeTarget section */
		F79DB2042B16B8F200E53A75 /* ChatUI */ = {
			isa = PBXNativeTarget;
			buildConfigurationList = F79DB2292B16B8F300E53A75 /* Build configuration list for PBXNativeTarget "ChatUI" */;
			buildPhases = (
				F79DB2012B16B8F200E53A75 /* Sources */,
				F79DB2022B16B8F200E53A75 /* Frameworks */,
				F79DB2032B16B8F200E53A75 /* Resources */,
			);
			buildRules = (
			);
			dependencies = (
			);
			name = ChatUI;
			productName = ChatUI;
			productReference = F79DB2052B16B8F200E53A75 /* ChatUI.app */;
			productType = "com.apple.product-type.application";
		};
		F79DB2142B16B8F300E53A75 /* ChatUITests */ = {
			isa = PBXNativeTarget;
			buildConfigurationList = F79DB22C2B16B8F300E53A75 /* Build configuration list for PBXNativeTarget "ChatUITests" */;
			buildPhases = (
				F79DB2112B16B8F300E53A75 /* Sources */,
				F79DB2122B16B8F300E53A75 /* Frameworks */,
				F79DB2132B16B8F300E53A75 /* Resources */,
			);
			buildRules = (
			);
			dependencies = (
				F79DB2172B16B8F300E53A75 /* PBXTargetDependency */,
			);
			name = ChatUITests;
			productName = ChatUITests;
			productReference = F79DB2152B16B8F300E53A75 /* ChatUITests.xctest */;
			productType = "com.apple.product-type.bundle.unit-test";
		};
		F79DB21E2B16B8F300E53A75 /* ChatUIUITests */ = {
			isa = PBXNativeTarget;
			buildConfigurationList = F79DB22F2B16B8F300E53A75 /* Build configuration list for PBXNativeTarget "ChatUIUITests" */;
			buildPhases = (
				F79DB21B2B16B8F300E53A75 /* Sources */,
				F79DB21C2B16B8F300E53A75 /* Frameworks */,
				F79DB21D2B16B8F300E53A75 /* Resources */,
			);
			buildRules = (
			);
			dependencies = (
				F79DB2212B16B8F300E53A75 /* PBXTargetDependency */,
			);
			name = ChatUIUITests;
			productName = ChatUIUITests;
			productReference = F79DB21F2B16B8F300E53A75 /* ChatUIUITests.xctest */;
			productType = "com.apple.product-type.bundle.ui-testing";
		};
/* End PBXNativeTarget section */

/* Begin PBXProject section */
		F79DB1FD2B16B8F200E53A75 /* Project object */ = {
			isa = PBXProject;
			attributes = {
				BuildIndependentTargetsInParallel = 1;
				LastSwiftUpdateCheck = 1500;
				LastUpgradeCheck = 1500;
				TargetAttributes = {
					F79DB2042B16B8F200E53A75 = {
						CreatedOnToolsVersion = 15.0.1;
					};
					F79DB2142B16B8F300E53A75 = {
						CreatedOnToolsVersion = 15.0.1;
						TestTargetID = F79DB2042B16B8F200E53A75;
					};
					F79DB21E2B16B8F300E53A75 = {
						CreatedOnToolsVersion = 15.0.1;
						TestTargetID = F79DB2042B16B8F200E53A75;
					};
				};
			};
			buildConfigurationList = F79DB2002B16B8F200E53A75 /* Build configuration list for PBXProject "ChatUI" */;
			compatibilityVersion = "Xcode 14.0";
			developmentRegion = en;
			hasScannedForEncodings = 0;
			knownRegions = (
				en,
				Base,
			);
			mainGroup = F79DB1FC2B16B8F200E53A75;
			productRefGroup = F79DB2062B16B8F200E53A75 /* Products */;
			projectDirPath = "";
			projectRoot = "";
			targets = (
				F79DB2042B16B8F200E53A75 /* ChatUI */,
				F79DB2142B16B8F300E53A75 /* ChatUITests */,
				F79DB21E2B16B8F300E53A75 /* ChatUIUITests */,
			);
		};
/* End PBXProject section */

/* Begin PBXResourcesBuildPhase section */
		F79DB2032B16B8F200E53A75 /* Resources */ = {
			isa = PBXResourcesBuildPhase;
			buildActionMask = 2147483647;
			files = (
				F79DB2102B16B8F300E53A75 /* Preview Assets.xcassets in Resources */,
				F79DB20D2B16B8F300E53A75 /* Assets.xcassets in Resources */,
			);
			runOnlyForDeploymentPostprocessing = 0;
		};
		F79DB2132B16B8F300E53A75 /* Resources */ = {
			isa = PBXResourcesBuildPhase;
			buildActionMask = 2147483647;
			files = (
			);
			runOnlyForDeploymentPostprocessing = 0;
		};
		F79DB21D2B16B8F300E53A75 /* Resources */ = {
			isa = PBXResourcesBuildPhase;
			buildActionMask = 2147483647;
			files = (
			);
			runOnlyForDeploymentPostprocessing = 0;
		};
/* End PBXResourcesBuildPhase section */

/* Begin PBXSourcesBuildPhase section */
		F79DB2012B16B8F200E53A75 /* Sources */ = {
			isa = PBXSourcesBuildPhase;
			buildActionMask = 2147483647;
			files = (
				F79DB20B2B16B8F200E53A75 /* ContentView.swift in Sources */,
				F79DB2092B16B8F200E53A75 /* ChatUIApp.swift in Sources */,
			);
			runOnlyForDeploymentPostprocessing = 0;
		};
		F79DB2112B16B8F300E53A75 /* Sources */ = {
			isa = PBXSourcesBuildPhase;
			buildActionMask = 2147483647;
			files = (
				F79DB21A2B16B8F300E53A75 /* ChatUITests.swift in Sources */,
			);
			runOnlyForDeploymentPostprocessing = 0;
		};
		F79DB21B2B16B8F300E53A75 /* Sources */ = {
			isa = PBXSourcesBuildPhase;
			buildActionMask = 2147483647;
			files = (
				F79DB2262B16B8F300E53A75 /* ChatUIUITestsLaunchTests.swift in Sources */,
				F79DB2242B16B8F300E53A75 /* ChatUIUITests.swift in Sources */,
			);
			runOnlyForDeploymentPostprocessing = 0;
		};
/* End PBXSourcesBuildPhase section */

/* Begin PBXTargetDependency section */
		F79DB2172B16B8F300E53A75 /* PBXTargetDependency */ = {
			isa = PBXTargetDependency;
			target = F79DB2042B16B8F200E53A75 /* ChatUI */;
			targetProxy = F79DB2162B16B8F300E53A75 /* PBXContainerItemProxy */;
		};
		F79DB2212B16B8F300E53A75 /* PBXTargetDependency */ = {
			isa = PBXTargetDependency;
			target = F79DB2042B16B8F200E53A75 /* ChatUI */;
			targetProxy = F79DB2202B16B8F300E53A75 /* PBXContainerItemProxy */;
		};
/* End PBXTargetDependency section */

/* Begin XCBuildConfiguration section */
		F79DB2272B16B8F300E53A75 /* Debug */ = {
			isa = XCBuildConfiguration;
			buildSettings = {
				ALWAYS_SEARCH_USER_PATHS = NO;
				ASSETCATALOG_COMPILER_GENERATE_SWIFT_ASSET_SYMBOL_EXTENSIONS = YES;
				CLANG_ANALYZER_NONNULL = YES;
				CLANG_ANALYZER_NUMBER_OBJECT_CONVERSION = YES_AGGRESSIVE;
				CLANG_CXX_LANGUAGE_STANDARD = "gnu++20";
				CLANG_ENABLE_MODULES = YES;
				CLANG_ENABLE_OBJC_ARC = YES;
				CLANG_ENABLE_OBJC_WEAK = YES;
				CLANG_WARN_BLOCK_CAPTURE_AUTORELEASING = YES;
				CLANG_WARN_BOOL_CONVERSION = YES;
				CLANG_WARN_COMMA = YES;
				CLANG_WARN_CONSTANT_CONVERSION = YES;
				CLANG_WARN_DEPRECATED_OBJC_IMPLEMENTATIONS = YES;
				CLANG_WARN_DIRECT_OBJC_ISA_USAGE = YES_ERROR;
				CLANG_WARN_DOCUMENTATION_COMMENTS = YES;
				CLANG_WARN_EMPTY_BODY = YES;
				CLANG_WARN_ENUM_CONVERSION = YES;
				CLANG_WARN_INFINITE_RECURSION = YES;
				CLANG_WARN_INT_CONVERSION = YES;
				CLANG_WARN_NON_LITERAL_NULL_CONVERSION = YES;
				CLANG_WARN_OBJC_IMPLICIT_RETAIN_SELF = YES;
				CLANG_WARN_OBJC_LITERAL_CONVERSION = YES;
				CLANG_WARN_OBJC_ROOT_CLASS = YES_ERROR;
				CLANG_WARN_QUOTED_INCLUDE_IN_FRAMEWORK_HEADER = YES;
				CLANG_WARN_RANGE_LOOP_ANALYSIS = YES;
				CLANG_WARN_STRICT_PROTOTYPES = YES;
				CLANG_WARN_SUSPICIOUS_MOVE = YES;
				CLANG_WARN_UNGUARDED_AVAILABILITY = YES_AGGRESSIVE;
				CLANG_WARN_UNREACHABLE_CODE = YES;
				CLANG_WARN__DUPLICATE_METHOD_MATCH = YES;
				COPY_PHASE_STRIP = NO;
				DEBUG_INFORMATION_FORMAT = dwarf;
				ENABLE_STRICT_OBJC_MSGSEND = YES;
				ENABLE_TESTABILITY = YES;
				ENABLE_USER_SCRIPT_SANDBOXING = YES;
				GCC_C_LANGUAGE_STANDARD = gnu17;
				GCC_DYNAMIC_NO_PIC = NO;
				GCC_NO_COMMON_BLOCKS = YES;
				GCC_OPTIMIZATION_LEVEL = 0;
				GCC_PREPROCESSOR_DEFINITIONS = (
					"DEBUG=1",
					"$(inherited)",
				);
				GCC_WARN_64_TO_32_BIT_CONVERSION = YES;
				GCC_WARN_ABOUT_RETURN_TYPE = YES_ERROR;
				GCC_WARN_UNDECLARED_SELECTOR = YES;
				GCC_WARN_UNINITIALIZED_AUTOS = YES_AGGRESSIVE;
				GCC_WARN_UNUSED_FUNCTION = YES;
				GCC_WARN_UNUSED_VARIABLE = YES;
				IPHONEOS_DEPLOYMENT_TARGET = 17.0;
				LOCALIZATION_PREFERS_STRING_CATALOGS = YES;
				MTL_ENABLE_DEBUG_INFO = INCLUDE_SOURCE;
				MTL_FAST_MATH = YES;
				ONLY_ACTIVE_ARCH = YES;
				SDKROOT = iphoneos;
				SWIFT_ACTIVE_COMPILATION_CONDITIONS = "DEBUG $(inherited)";
				SWIFT_OPTIMIZATION_LEVEL = "-Onone";
			};
			name = Debug;
		};
		F79DB2282B16B8F300E53A75 /* Release */ = {
			isa = XCBuildConfiguration;
			buildSettings = {
				ALWAYS_SEARCH_USER_PATHS = NO;
				ASSETCATALOG_COMPILER_GENERATE_SWIFT_ASSET_SYMBOL_EXTENSIONS = YES;
				CLANG_ANALYZER_NONNULL = YES;
				CLANG_ANALYZER_NUMBER_OBJECT_CONVERSION = YES_AGGRESSIVE;
				CLANG_CXX_LANGUAGE_STANDARD = "gnu++20";
				CLANG_ENABLE_MODULES = YES;
				CLANG_ENABLE_OBJC_ARC = YES;
				CLANG_ENABLE_OBJC_WEAK = YES;
				CLANG_WARN_BLOCK_CAPTURE_AUTORELEASING = YES;
				CLANG_WARN_BOOL_CONVERSION = YES;
				CLANG_WARN_COMMA = YES;
				CLANG_WARN_CONSTANT_CONVERSION = YES;
				CLANG_WARN_DEPRECATED_OBJC_IMPLEMENTATIONS = YES;
				CLANG_WARN_DIRECT_OBJC_ISA_USAGE = YES_ERROR;
				CLANG_WARN_DOCUMENTATION_COMMENTS = YES;
				CLANG_WARN_EMPTY_BODY = YES;
				CLANG_WARN_ENUM_CONVERSION = YES;
				CLANG_WARN_INFINITE_RECURSION = YES;
				CLANG_WARN_INT_CONVERSION = YES;
				CLANG_WARN_NON_LITERAL_NULL_CONVERSION = YES;
				CLANG_WARN_OBJC_IMPLICIT_RETAIN_SELF = YES;
				CLANG_WARN_OBJC_LITERAL_CONVERSION = YES;
				CLANG_WARN_OBJC_ROOT_CLASS = YES_ERROR;
				CLANG_WARN_QUOTED_INCLUDE_IN_FRAMEWORK_HEADER = YES;
				CLANG_WARN_RANGE_LOOP_ANALYSIS = YES;
				CLANG_WARN_STRICT_PROTOTYPES = YES;
				CLANG_WARN_SUSPICIOUS_MOVE = YES;
				CLANG_WARN_UNGUARDED_AVAILABILITY = YES_AGGRESSIVE;
				CLANG_WARN_UNREACHABLE_CODE = YES;
				CLANG_WARN__DUPLICATE_METHOD_MATCH = YES;
				COPY_PHASE_STRIP = NO;
				DEBUG_INFORMATION_FORMAT = "dwarf-with-dsym";
				ENABLE_NS_ASSERTIONS = NO;
				ENABLE_STRICT_OBJC_MSGSEND = YES;
				ENABLE_USER_SCRIPT_SANDBOXING = YES;
				GCC_C_LANGUAGE_STANDARD = gnu17;
				GCC_NO_COMMON_BLOCKS = YES;
				GCC_WARN_64_TO_32_BIT_CONVERSION = YES;
				GCC_WARN_ABOUT_RETURN_TYPE = YES_ERROR;
				GCC_WARN_UNDECLARED_SELECTOR = YES;
				GCC_WARN_UNINITIALIZED_AUTOS = YES_AGGRESSIVE;
				GCC_WARN_UNUSED_FUNCTION = YES;
				GCC_WARN_UNUSED_VARIABLE = YES;
				IPHONEOS_DEPLOYMENT_TARGET = 17.0;
				LOCALIZATION_PREFERS_STRING_CATALOGS = YES;
				MTL_ENABLE_DEBUG_INFO = NO;
				MTL_FAST_MATH = YES;
				SDKROOT = iphoneos;
				SWIFT_COMPILATION_MODE = wholemodule;
				VALIDATE_PRODUCT = YES;
			};
			name = Release;
		};
		F79DB22A2B16B8F300E53A75 /* Debug */ = {
			isa = XCBuildConfiguration;
			buildSettings = {
				ASSETCATALOG_COMPILER_APPICON_NAME = AppIcon;
				ASSETCATALOG_COMPILER_GLOBAL_ACCENT_COLOR_NAME = AccentColor;
				CODE_SIGN_STYLE = Automatic;
				CURRENT_PROJECT_VERSION = 1;
				DEVELOPMENT_ASSET_PATHS = "\"ChatUI/Preview Content\"";
				ENABLE_PREVIEWS = YES;
				GENERATE_INFOPLIST_FILE = YES;
				INFOPLIST_KEY_UIApplicationSceneManifest_Generation = YES;
				INFOPLIST_KEY_UIApplicationSupportsIndirectInputEvents = YES;
				INFOPLIST_KEY_UILaunchScreen_Generation = YES;
				INFOPLIST_KEY_UISupportedInterfaceOrientations_iPad = "UIInterfaceOrientationPortrait UIInterfaceOrientationPortraitUpsideDown UIInterfaceOrientationLandscapeLeft UIInterfaceOrientationLandscapeRight";
				INFOPLIST_KEY_UISupportedInterfaceOrientations_iPhone = "UIInterfaceOrientationPortrait UIInterfaceOrientationLandscapeLeft UIInterfaceOrientationLandscapeRight";
				LD_RUNPATH_SEARCH_PATHS = (
					"$(inherited)",
					"@executable_path/Frameworks",
				);
				MARKETING_VERSION = 1.0;
				PRODUCT_BUNDLE_IDENTIFIER = com.demo.ChatUI;
				PRODUCT_NAME = "$(TARGET_NAME)";
				SWIFT_EMIT_LOC_STRINGS = YES;
				SWIFT_VERSION = 5.0;
				TARGETED_DEVICE_FAMILY = "1,2";
			};
			name = Debug;
		};
		F79DB22B2B16B8F300E53A75 /* Release */ = {
			isa = XCBuildConfiguration;
			buildSettings = {
				ASSETCATALOG_COMPILER_APPICON_NAME = AppIcon;
				ASSETCATALOG_COMPILER_GLOBAL_ACCENT_COLOR_NAME = AccentColor;
				CODE_SIGN_STYLE = Automatic;
				CURRENT_PROJECT_VERSION = 1;
				DEVELOPMENT_ASSET_PATHS = "\"ChatUI/Preview Content\"";
				ENABLE_PREVIEWS = YES;
				GENERATE_INFOPLIST_FILE = YES;
				INFOPLIST_KEY_UIApplicationSceneManifest_Generation = YES;
				INFOPLIST_KEY_UIApplicationSupportsIndirectInputEvents = YES;
				INFOPLIST_KEY_UILaunchScreen_Generation = YES;
				INFOPLIST_KEY_UISupportedInterfaceOrientations_iPad = "UIInterfaceOrientationPortrait UIInterfaceOrientationPortraitUpsideDown UIInterfaceOrientationLandscapeLeft UIInterfaceOrientationLandscapeRight";
				INFOPLIST_KEY_UISupportedInterfaceOrientations_iPhone = "UIInterfaceOrientationPortrait UIInterfaceOrientationLandscapeLeft UIInterfaceOrientationLandscapeRight";
				LD_RUNPATH_SEARCH_PATHS = (
					"$(inherited)",
					"@executable_path/Frameworks",
				);
				MARKETING_VERSION = 1.0;
				PRODUCT_BUNDLE_IDENTIFIER = com.demo.ChatUI;
				PRODUCT_NAME = "$(TARGET_NAME)";
				SWIFT_EMIT_LOC_STRINGS = YES;
				SWIFT_VERSION = 5.0;
				TARGETED_DEVICE_FAMILY = "1,2";
			};
			name = Release;
		};
		F79DB22D2B16B8F300E53A75 /* Debug */ = {
			isa = XCBuildConfiguration;
			buildSettings = {
				ALWAYS_EMBED_SWIFT_STANDARD_LIBRARIES = YES;
				BUNDLE_LOADER = "$(TEST_HOST)";
				CODE_SIGN_STYLE = Automatic;
				CURRENT_PROJECT_VERSION = 1;
				GENERATE_INFOPLIST_FILE = YES;
				IPHONEOS_DEPLOYMENT_TARGET = 17.0;
				MARKETING_VERSION = 1.0;
				PRODUCT_BUNDLE_IDENTIFIER = com.demo.ChatUITests;
				PRODUCT_NAME = "$(TARGET_NAME)";
				SWIFT_EMIT_LOC_STRINGS = NO;
				SWIFT_VERSION = 5.0;
				TARGETED_DEVICE_FAMILY = "1,2";
				TEST_HOST = "$(BUILT_PRODUCTS_DIR)/ChatUI.app/$(BUNDLE_EXECUTABLE_FOLDER_PATH)/ChatUI";
			};
			name = Debug;
		};
		F79DB22E2B16B8F300E53A75 /* Release */ = {
			isa = XCBuildConfiguration;
			buildSettings = {
				ALWAYS_EMBED_SWIFT_STANDARD_LIBRARIES = YES;
				BUNDLE_LOADER = "$(TEST_HOST)";
				CODE_SIGN_STYLE = Automatic;
				CURRENT_PROJECT_VERSION = 1;
				GENERATE_INFOPLIST_FILE = YES;
				IPHONEOS_DEPLOYMENT_TARGET = 17.0;
				MARKETING_VERSION = 1.0;
				PRODUCT_BUNDLE_IDENTIFIER = com.demo.ChatUITests;
				PRODUCT_NAME = "$(TARGET_NAME)";
				SWIFT_EMIT_LOC_STRINGS = NO;
				SWIFT_VERSION = 5.0;
				TARGETED_DEVICE_FAMILY = "1,2";
				TEST_HOST = "$(BUILT_PRODUCTS_DIR)/ChatUI.app/$(BUNDLE_EXECUTABLE_FOLDER_PATH)/ChatUI";
			};
			name = Release;
		};
		F79DB2302B16B8F300E53A75 /* Debug */ = {
			isa = XCBuildConfiguration;
			buildSettings = {
				ALWAYS_EMBED_SWIFT_STANDARD_LIBRARIES = YES;
				CODE_SIGN_STYLE = Automatic;
				CURRENT_PROJECT_VERSION = 1;
				GENERATE_INFOPLIST_FILE = YES;
				MARKETING_VERSION = 1.0;
				PRODUCT_BUNDLE_IDENTIFIER = com.demo.ChatUIUITests;
				PRODUCT_NAME = "$(TARGET_NAME)";
				SWIFT_EMIT_LOC_STRINGS = NO;
				SWIFT_VERSION = 5.0;
				TARGETED_DEVICE_FAMILY = "1,2";
				TEST_TARGET_NAME = ChatUI;
			};
			name = Debug;
		};
		F79DB2312B16B8F300E53A75 /* Release */ = {
			isa = XCBuildConfiguration;
			buildSettings = {
				ALWAYS_EMBED_SWIFT_STANDARD_LIBRARIES = YES;
				CODE_SIGN_STYLE = Automatic;
				CURRENT_PROJECT_VERSION = 1;
				GENERATE_INFOPLIST_FILE = YES;
				MARKETING_VERSION = 1.0;
				PRODUCT_BUNDLE_IDENTIFIER = com.demo.ChatUIUITests;
				PRODUCT_NAME = "$(TARGET_NAME)";
				SWIFT_EMIT_LOC_STRINGS = NO;
				SWIFT_VERSION = 5.0;
				TARGETED_DEVICE_FAMILY = "1,2";
				TEST_TARGET_NAME = ChatUI;
			};
			name = Release;
		};
/* End XCBuildConfiguration section */

/* Begin XCConfigurationList section */
		F79DB2002B16B8F200E53A75 /* Build configuration list for PBXProject "ChatUI" */ = {
			isa = XCConfigurationList;
			buildConfigurations = (
				F79DB2272B16B8F300E53A75 /* Debug */,
				F79DB2282B16B8F300E53A75 /* Release */,
			);
			defaultConfigurationIsVisible = 0;
			defaultConfigurationName = Release;
		};
		F79DB2292B16B8F300E53A75 /* Build configuration list for PBXNativeTarget "ChatUI" */ = {
			isa = XCConfigurationList;
			buildConfigurations = (
				F79DB22A2B16B8F300E53A75 /* Debug */,
				F79DB22B2B16B8F300E53A75 /* Release */,
			);
			defaultConfigurationIsVisible = 0;
			defaultConfigurationName = Release;
		};
		F79DB22C2B16B8F300E53A75 /* Build configuration list for PBXNativeTarget "ChatUITests" */ = {
			isa = XCConfigurationList;
			buildConfigurations = (
				F79DB22D2B16B8F300E53A75 /* Debug */,
				F79DB22E2B16B8F300E53A75 /* Release */,
			);
			defaultConfigurationIsVisible = 0;
			defaultConfigurationName = Release;
		};
		F79DB22F2B16B8F300E53A75 /* Build configuration list for PBXNativeTarget "ChatUIUITests" */ = {
			isa = XCConfigurationList;
			buildConfigurations = (
				F79DB2302B16B8F300E53A75 /* Debug */,
				F79DB2312B16B8F300E53A75 /* Release */,
			);
			defaultConfigurationIsVisible = 0;
			defaultConfigurationName = Release;
		};
/* End XCConfigurationList section */
	};
	rootObject = F79DB1FD2B16B8F200E53A75 /* Project object */;
}
