// !$*UTF8*$!
{
	archiveVersion = 1;
	classes = {
	};
	objectVersion = 60;
	objects = {

/* Begin PBXBuildFile section */
		F71747E12BA1E45400BDC6C6 /* APITokenSetup.swift in Sources */ = {isa = PBXBuildFile; fileRef = F71747E02BA1E45400BDC6C6 /* APITokenSetup.swift */; };
		F71747E32BA1E7A300BDC6C6 /* SafariView.swift in Sources */ = {isa = PBXBuildFile; fileRef = F71747E22BA1E7A300BDC6C6 /* SafariView.swift */; };
		F71C53CD2B60F54700BF2B70 /* Chat.swift in Sources */ = {isa = PBXBuildFile; fileRef = F71C53CC2B60F54700BF2B70 /* Chat.swift */; };
		F71C53CF2B60FA7200BF2B70 /* ChatFooter.swift in Sources */ = {isa = PBXBuildFile; fileRef = F71C53CE2B60FA7200BF2B70 /* ChatFooter.swift */; };
		F71C53D12B61670200BF2B70 /* Main.swift in Sources */ = {isa = PBXBuildFile; fileRef = F71C53D02B61670200BF2B70 /* Main.swift */; };
		F71C53D42B61683500BF2B70 /* MainHeader.swift in Sources */ = {isa = PBXBuildFile; fileRef = F71C53D32B61683500BF2B70 /* MainHeader.swift */; };
		F71C53DC2B616DD700BF2B70 /* ExploreItem.swift in Sources */ = {isa = PBXBuildFile; fileRef = F71C53DB2B616DD700BF2B70 /* ExploreItem.swift */; };
		F71C53DE2B616FF600BF2B70 /* ChatHistoryItem.swift in Sources */ = {isa = PBXBuildFile; fileRef = F71C53DD2B616FF600BF2B70 /* ChatHistoryItem.swift */; };
		F71C53E02B6183E000BF2B70 /* PromptLibraryItem.swift in Sources */ = {isa = PBXBuildFile; fileRef = F71C53DF2B6183E000BF2B70 /* PromptLibraryItem.swift */; };
		F71C53E22B62D00900BF2B70 /* Explore.swift in Sources */ = {isa = PBXBuildFile; fileRef = F71C53E12B62D00900BF2B70 /* Explore.swift */; };
		F71C53E42B62D2F600BF2B70 /* ExploreView.swift in Sources */ = {isa = PBXBuildFile; fileRef = F71C53E32B62D2F600BF2B70 /* ExploreView.swift */; };
		F71C53E62B62D5A500BF2B70 /* History.swift in Sources */ = {isa = PBXBuildFile; fileRef = F71C53E52B62D5A500BF2B70 /* History.swift */; };
		F71C53E82B62E18600BF2B70 /* HistoryView.swift in Sources */ = {isa = PBXBuildFile; fileRef = F71C53E72B62E18600BF2B70 /* HistoryView.swift */; };
		F71C53EA2B63800A00BF2B70 /* Prompt.swift in Sources */ = {isa = PBXBuildFile; fileRef = F71C53E92B63800A00BF2B70 /* Prompt.swift */; };
		F71C53EE2B638B3400BF2B70 /* PromptsView.swift in Sources */ = {isa = PBXBuildFile; fileRef = F71C53ED2B638B3400BF2B70 /* PromptsView.swift */; };
		F71C53F42B65592700BF2B70 /* ChatBody.swift in Sources */ = {isa = PBXBuildFile; fileRef = F71C53F32B65592700BF2B70 /* ChatBody.swift */; };
		F71C53F62B65671E00BF2B70 /* SectionNavigationArrow.swift in Sources */ = {isa = PBXBuildFile; fileRef = F71C53F52B65671E00BF2B70 /* SectionNavigationArrow.swift */; };
		F71C53F82B662FCE00BF2B70 /* Message.swift in Sources */ = {isa = PBXBuildFile; fileRef = F71C53F72B662FCE00BF2B70 /* Message.swift */; };
		F71C53FA2B66321000BF2B70 /* ChatMessageView.swift in Sources */ = {isa = PBXBuildFile; fileRef = F71C53F92B66321000BF2B70 /* ChatMessageView.swift */; };
		F71C53FC2B667A1100BF2B70 /* PromptViewModel.swift in Sources */ = {isa = PBXBuildFile; fileRef = F71C53FB2B667A1100BF2B70 /* PromptViewModel.swift */; };
		F71C54002B68C27600BF2B70 /* PromptModelData.swift in Sources */ = {isa = PBXBuildFile; fileRef = F71C53FF2B68C27600BF2B70 /* PromptModelData.swift */; };
		F71C54032B696B9D00BF2B70 /* prompts.json in Resources */ = {isa = PBXBuildFile; fileRef = F71C54022B696B9D00BF2B70 /* prompts.json */; };
		F71C54052B69785900BF2B70 /* PromptBGGradient.swift in Sources */ = {isa = PBXBuildFile; fileRef = F71C54042B69785900BF2B70 /* PromptBGGradient.swift */; };
		F71C54072B69949200BF2B70 /* FavoriteButton.swift in Sources */ = {isa = PBXBuildFile; fileRef = F71C54062B69949200BF2B70 /* FavoriteButton.swift */; };
		F71C54092B699A7500BF2B70 /* PromptCategoryHome.swift in Sources */ = {isa = PBXBuildFile; fileRef = F71C54082B699A7500BF2B70 /* PromptCategoryHome.swift */; };
		F71C540B2B699D0C00BF2B70 /* PromptCategoryRow.swift in Sources */ = {isa = PBXBuildFile; fileRef = F71C540A2B699D0C00BF2B70 /* PromptCategoryRow.swift */; };
		F71C540D2B699E8E00BF2B70 /* PromptCategoryItem.swift in Sources */ = {isa = PBXBuildFile; fileRef = F71C540C2B699E8E00BF2B70 /* PromptCategoryItem.swift */; };
		F71C54102B6A514C00BF2B70 /* PageViewController.swift in Sources */ = {isa = PBXBuildFile; fileRef = F71C540F2B6A514C00BF2B70 /* PageViewController.swift */; };
		F71C54122B6A5FEA00BF2B70 /* FeaturedPrompt.swift in Sources */ = {isa = PBXBuildFile; fileRef = F71C54112B6A5FEA00BF2B70 /* FeaturedPrompt.swift */; };
		F71C54142B6A61C100BF2B70 /* PageView.swift in Sources */ = {isa = PBXBuildFile; fileRef = F71C54132B6A61C100BF2B70 /* PageView.swift */; };
		F71C54162B6A655700BF2B70 /* PageControl.swift in Sources */ = {isa = PBXBuildFile; fileRef = F71C54152B6A655700BF2B70 /* PageControl.swift */; };
		F71C54182B6A782900BF2B70 /* PromptFilter.swift in Sources */ = {isa = PBXBuildFile; fileRef = F71C54172B6A782900BF2B70 /* PromptFilter.swift */; };
		F721A97B2B4F5FA500E3DF4D /* Onboarding.swift in Sources */ = {isa = PBXBuildFile; fileRef = F721A97A2B4F5FA500E3DF4D /* Onboarding.swift */; };
		F721A9FF2B4F613B00E3DF4D /* Satoshi-VariableItalic.ttf in Resources */ = {isa = PBXBuildFile; fileRef = F721A97F2B4F608D00E3DF4D /* Satoshi-VariableItalic.ttf */; };
		F721AA002B4F614100E3DF4D /* Satoshi-Variable.ttf in Resources */ = {isa = PBXBuildFile; fileRef = F721A9802B4F608D00E3DF4D /* Satoshi-Variable.ttf */; };
		F721AA012B4F615000E3DF4D /* Satoshi-Bold.otf in Resources */ = {isa = PBXBuildFile; fileRef = F721A9B72B4F608D00E3DF4D /* Satoshi-Bold.otf */; };
		F721AA022B4F615B00E3DF4D /* Satoshi-Medium.otf in Resources */ = {isa = PBXBuildFile; fileRef = F721A9C02B4F608D00E3DF4D /* Satoshi-Medium.otf */; };
		F721AA032B4F615D00E3DF4D /* Satoshi-MediumItalic.otf in Resources */ = {isa = PBXBuildFile; fileRef = F721A9BF2B4F608D00E3DF4D /* Satoshi-MediumItalic.otf */; };
		F721AA042B4F615F00E3DF4D /* Satoshi-BlackItalic.otf in Resources */ = {isa = PBXBuildFile; fileRef = F721A9BE2B4F608D00E3DF4D /* Satoshi-BlackItalic.otf */; };
		F721AA052B4F616300E3DF4D /* Satoshi-LightItalic.otf in Resources */ = {isa = PBXBuildFile; fileRef = F721A9BD2B4F608D00E3DF4D /* Satoshi-LightItalic.otf */; };
		F721AA062B4F616500E3DF4D /* Satoshi-Light.otf in Resources */ = {isa = PBXBuildFile; fileRef = F721A9BC2B4F608D00E3DF4D /* Satoshi-Light.otf */; };
		F721AA072B4F616800E3DF4D /* Satoshi-BoldItalic.otf in Resources */ = {isa = PBXBuildFile; fileRef = F721A9BB2B4F608D00E3DF4D /* Satoshi-BoldItalic.otf */; };
		F721AA082B4F616A00E3DF4D /* Satoshi-Regular.otf in Resources */ = {isa = PBXBuildFile; fileRef = F721A9BA2B4F608D00E3DF4D /* Satoshi-Regular.otf */; };
		F721AA092B4F616D00E3DF4D /* Satoshi-Black.otf in Resources */ = {isa = PBXBuildFile; fileRef = F721A9B92B4F608D00E3DF4D /* Satoshi-Black.otf */; };
		F721AA0A2B4F616F00E3DF4D /* Satoshi-Italic.otf in Resources */ = {isa = PBXBuildFile; fileRef = F721A9B82B4F608D00E3DF4D /* Satoshi-Italic.otf */; };
		F721AA0D2B4F70F100E3DF4D /* Login.swift in Sources */ = {isa = PBXBuildFile; fileRef = F721AA0C2B4F70F100E3DF4D /* Login.swift */; };
		F7304F092B94F22D002FE1C8 /* HistoryViewModel.swift in Sources */ = {isa = PBXBuildFile; fileRef = F7304F082B94F22D002FE1C8 /* HistoryViewModel.swift */; };
		F73CCFA52B5A781400E6F7EB /* FeaturedCard.swift in Sources */ = {isa = PBXBuildFile; fileRef = F73CCFA42B5A781400E6F7EB /* FeaturedCard.swift */; };
		F73CCFA72B5A78D300E6F7EB /* OnboardingHeader.swift in Sources */ = {isa = PBXBuildFile; fileRef = F73CCFA62B5A78D300E6F7EB /* OnboardingHeader.swift */; };
		F73CCFA92B5A7A4600E6F7EB /* OnboardingFooter.swift in Sources */ = {isa = PBXBuildFile; fileRef = F73CCFA82B5A7A4500E6F7EB /* OnboardingFooter.swift */; };
		F73CCFAC2B5A7AB800E6F7EB /* PrimaryButtonStyle.swift in Sources */ = {isa = PBXBuildFile; fileRef = F73CCFAB2B5A7AB800E6F7EB /* PrimaryButtonStyle.swift */; };
		F73CCFAE2B5A7B1500E6F7EB /* SecondaryButtonStyle.swift in Sources */ = {isa = PBXBuildFile; fileRef = F73CCFAD2B5A7B1500E6F7EB /* SecondaryButtonStyle.swift */; };
		F73CCFB02B5A7B5200E6F7EB /* BackgroundGradient.swift in Sources */ = {isa = PBXBuildFile; fileRef = F73CCFAF2B5A7B5200E6F7EB /* BackgroundGradient.swift */; };
		F79696E02B25DBF8005BA8D0 /* Conversations.swift in Sources */ = {isa = PBXBuildFile; fileRef = F79696DF2B25DBF8005BA8D0 /* Conversations.swift */; };
		F79A10CE2BA8FBF6006C602B /* Assets.xcassets in Resources */ = {isa = PBXBuildFile; fileRef = F79DB20C2B16B8F300E53A75 /* Assets.xcassets */; };
		F79A10D02BAA188B006C602B /* APIHelpers.swift in Sources */ = {isa = PBXBuildFile; fileRef = F79A10CF2BAA188B006C602B /* APIHelpers.swift */; };
		F79DB2092B16B8F200E53A75 /* ChatUIApp.swift in Sources */ = {isa = PBXBuildFile; fileRef = F79DB2082B16B8F200E53A75 /* ChatUIApp.swift */; };
		F79DB21A2B16B8F300E53A75 /* ChatUITests.swift in Sources */ = {isa = PBXBuildFile; fileRef = F79DB2192B16B8F300E53A75 /* ChatUITests.swift */; };
		F79DB2242B16B8F300E53A75 /* ChatUIUITests.swift in Sources */ = {isa = PBXBuildFile; fileRef = F79DB2232B16B8F300E53A75 /* ChatUIUITests.swift */; };
		F79DB2262B16B8F300E53A75 /* ChatUIUITestsLaunchTests.swift in Sources */ = {isa = PBXBuildFile; fileRef = F79DB2252B16B8F300E53A75 /* ChatUIUITestsLaunchTests.swift */; };
/* End PBXBuildFile section */

/* Begin PBXContainerItemProxy section */
		F79DB2162B16B8F300E53A75 /* PBXContainerItemProxy */ = {
			isa = PBXContainerItemProxy;
			containerPortal = F79DB1FD2B16B8F200E53A75 /* Project object */;
			proxyType = 1;
			remoteGlobalIDString = F79DB2042B16B8F200E53A75;
			remoteInfo = ChatUI;
		};
		F79DB2202B16B8F300E53A75 /* PBXContainerItemProxy */ = {
			isa = PBXContainerItemProxy;
			containerPortal = F79DB1FD2B16B8F200E53A75 /* Project object */;
			proxyType = 1;
			remoteGlobalIDString = F79DB2042B16B8F200E53A75;
			remoteInfo = ChatUI;
		};
/* End PBXContainerItemProxy section */

/* Begin PBXFileReference section */
		F71747E02BA1E45400BDC6C6 /* APITokenSetup.swift */ = {isa = PBXFileReference; lastKnownFileType = sourcecode.swift; path = APITokenSetup.swift; sourceTree = "<group>"; };
		F71747E22BA1E7A300BDC6C6 /* SafariView.swift */ = {isa = PBXFileReference; lastKnownFileType = sourcecode.swift; path = SafariView.swift; sourceTree = "<group>"; };
		F71C53CC2B60F54700BF2B70 /* Chat.swift */ = {isa = PBXFileReference; lastKnownFileType = sourcecode.swift; path = Chat.swift; sourceTree = "<group>"; };
		F71C53CE2B60FA7200BF2B70 /* ChatFooter.swift */ = {isa = PBXFileReference; lastKnownFileType = sourcecode.swift; path = ChatFooter.swift; sourceTree = "<group>"; };
		F71C53D02B61670200BF2B70 /* Main.swift */ = {isa = PBXFileReference; lastKnownFileType = sourcecode.swift; path = Main.swift; sourceTree = "<group>"; };
		F71C53D32B61683500BF2B70 /* MainHeader.swift */ = {isa = PBXFileReference; lastKnownFileType = sourcecode.swift; path = MainHeader.swift; sourceTree = "<group>"; };
		F71C53DB2B616DD700BF2B70 /* ExploreItem.swift */ = {isa = PBXFileReference; lastKnownFileType = sourcecode.swift; path = ExploreItem.swift; sourceTree = "<group>"; };
		F71C53DD2B616FF600BF2B70 /* ChatHistoryItem.swift */ = {isa = PBXFileReference; lastKnownFileType = sourcecode.swift; path = ChatHistoryItem.swift; sourceTree = "<group>"; };
		F71C53DF2B6183E000BF2B70 /* PromptLibraryItem.swift */ = {isa = PBXFileReference; lastKnownFileType = sourcecode.swift; path = PromptLibraryItem.swift; sourceTree = "<group>"; };
		F71C53E12B62D00900BF2B70 /* Explore.swift */ = {isa = PBXFileReference; lastKnownFileType = sourcecode.swift; path = Explore.swift; sourceTree = "<group>"; };
		F71C53E32B62D2F600BF2B70 /* ExploreView.swift */ = {isa = PBXFileReference; lastKnownFileType = sourcecode.swift; path = ExploreView.swift; sourceTree = "<group>"; };
		F71C53E52B62D5A500BF2B70 /* History.swift */ = {isa = PBXFileReference; lastKnownFileType = sourcecode.swift; path = History.swift; sourceTree = "<group>"; };
		F71C53E72B62E18600BF2B70 /* HistoryView.swift */ = {isa = PBXFileReference; lastKnownFileType = sourcecode.swift; path = HistoryView.swift; sourceTree = "<group>"; };
		F71C53E92B63800A00BF2B70 /* Prompt.swift */ = {isa = PBXFileReference; lastKnownFileType = sourcecode.swift; path = Prompt.swift; sourceTree = "<group>"; };
		F71C53ED2B638B3400BF2B70 /* PromptsView.swift */ = {isa = PBXFileReference; lastKnownFileType = sourcecode.swift; path = PromptsView.swift; sourceTree = "<group>"; };
		F71C53F32B65592700BF2B70 /* ChatBody.swift */ = {isa = PBXFileReference; lastKnownFileType = sourcecode.swift; path = ChatBody.swift; sourceTree = "<group>"; };
		F71C53F52B65671E00BF2B70 /* SectionNavigationArrow.swift */ = {isa = PBXFileReference; lastKnownFileType = sourcecode.swift; path = SectionNavigationArrow.swift; sourceTree = "<group>"; };
		F71C53F72B662FCE00BF2B70 /* Message.swift */ = {isa = PBXFileReference; lastKnownFileType = sourcecode.swift; path = Message.swift; sourceTree = "<group>"; };
		F71C53F92B66321000BF2B70 /* ChatMessageView.swift */ = {isa = PBXFileReference; lastKnownFileType = sourcecode.swift; path = ChatMessageView.swift; sourceTree = "<group>"; };
		F71C53FB2B667A1100BF2B70 /* PromptViewModel.swift */ = {isa = PBXFileReference; lastKnownFileType = sourcecode.swift; path = PromptViewModel.swift; sourceTree = "<group>"; };
		F71C53FF2B68C27600BF2B70 /* PromptModelData.swift */ = {isa = PBXFileReference; lastKnownFileType = sourcecode.swift; path = PromptModelData.swift; sourceTree = "<group>"; };
		F71C54022B696B9D00BF2B70 /* prompts.json */ = {isa = PBXFileReference; fileEncoding = 4; lastKnownFileType = text.json; path = prompts.json; sourceTree = "<group>"; };
		F71C54042B69785900BF2B70 /* PromptBGGradient.swift */ = {isa = PBXFileReference; lastKnownFileType = sourcecode.swift; path = PromptBGGradient.swift; sourceTree = "<group>"; };
		F71C54062B69949200BF2B70 /* FavoriteButton.swift */ = {isa = PBXFileReference; lastKnownFileType = sourcecode.swift; path = FavoriteButton.swift; sourceTree = "<group>"; };
		F71C54082B699A7500BF2B70 /* PromptCategoryHome.swift */ = {isa = PBXFileReference; lastKnownFileType = sourcecode.swift; path = PromptCategoryHome.swift; sourceTree = "<group>"; };
		F71C540A2B699D0C00BF2B70 /* PromptCategoryRow.swift */ = {isa = PBXFileReference; lastKnownFileType = sourcecode.swift; path = PromptCategoryRow.swift; sourceTree = "<group>"; };
		F71C540C2B699E8E00BF2B70 /* PromptCategoryItem.swift */ = {isa = PBXFileReference; lastKnownFileType = sourcecode.swift; path = PromptCategoryItem.swift; sourceTree = "<group>"; };
		F71C540F2B6A514C00BF2B70 /* PageViewController.swift */ = {isa = PBXFileReference; lastKnownFileType = sourcecode.swift; path = PageViewController.swift; sourceTree = "<group>"; };
		F71C54112B6A5FEA00BF2B70 /* FeaturedPrompt.swift */ = {isa = PBXFileReference; lastKnownFileType = sourcecode.swift; path = FeaturedPrompt.swift; sourceTree = "<group>"; };
		F71C54132B6A61C100BF2B70 /* PageView.swift */ = {isa = PBXFileReference; lastKnownFileType = sourcecode.swift; path = PageView.swift; sourceTree = "<group>"; };
		F71C54152B6A655700BF2B70 /* PageControl.swift */ = {isa = PBXFileReference; lastKnownFileType = sourcecode.swift; path = PageControl.swift; sourceTree = "<group>"; };
		F71C54172B6A782900BF2B70 /* PromptFilter.swift */ = {isa = PBXFileReference; lastKnownFileType = sourcecode.swift; path = PromptFilter.swift; sourceTree = "<group>"; };
		F721A97A2B4F5FA500E3DF4D /* Onboarding.swift */ = {isa = PBXFileReference; lastKnownFileType = sourcecode.swift; path = Onboarding.swift; sourceTree = "<group>"; };
		F721A97F2B4F608D00E3DF4D /* Satoshi-VariableItalic.ttf */ = {isa = PBXFileReference; lastKnownFileType = file; path = "Satoshi-VariableItalic.ttf"; sourceTree = "<group>"; };
		F721A9802B4F608D00E3DF4D /* Satoshi-Variable.ttf */ = {isa = PBXFileReference; lastKnownFileType = file; path = "Satoshi-Variable.ttf"; sourceTree = "<group>"; };
		F721A9B72B4F608D00E3DF4D /* Satoshi-Bold.otf */ = {isa = PBXFileReference; lastKnownFileType = file; path = "Satoshi-Bold.otf"; sourceTree = "<group>"; };
		F721A9B82B4F608D00E3DF4D /* Satoshi-Italic.otf */ = {isa = PBXFileReference; lastKnownFileType = file; path = "Satoshi-Italic.otf"; sourceTree = "<group>"; };
		F721A9B92B4F608D00E3DF4D /* Satoshi-Black.otf */ = {isa = PBXFileReference; lastKnownFileType = file; path = "Satoshi-Black.otf"; sourceTree = "<group>"; };
		F721A9BA2B4F608D00E3DF4D /* Satoshi-Regular.otf */ = {isa = PBXFileReference; lastKnownFileType = file; path = "Satoshi-Regular.otf"; sourceTree = "<group>"; };
		F721A9BB2B4F608D00E3DF4D /* Satoshi-BoldItalic.otf */ = {isa = PBXFileReference; lastKnownFileType = file; path = "Satoshi-BoldItalic.otf"; sourceTree = "<group>"; };
		F721A9BC2B4F608D00E3DF4D /* Satoshi-Light.otf */ = {isa = PBXFileReference; lastKnownFileType = file; path = "Satoshi-Light.otf"; sourceTree = "<group>"; };
		F721A9BD2B4F608D00E3DF4D /* Satoshi-LightItalic.otf */ = {isa = PBXFileReference; lastKnownFileType = file; path = "Satoshi-LightItalic.otf"; sourceTree = "<group>"; };
		F721A9BE2B4F608D00E3DF4D /* Satoshi-BlackItalic.otf */ = {isa = PBXFileReference; lastKnownFileType = file; path = "Satoshi-BlackItalic.otf"; sourceTree = "<group>"; };
		F721A9BF2B4F608D00E3DF4D /* Satoshi-MediumItalic.otf */ = {isa = PBXFileReference; lastKnownFileType = file; path = "Satoshi-MediumItalic.otf"; sourceTree = "<group>"; };
		F721A9C02B4F608D00E3DF4D /* Satoshi-Medium.otf */ = {isa = PBXFileReference; lastKnownFileType = file; path = "Satoshi-Medium.otf"; sourceTree = "<group>"; };
		F721AA0B2B4F620C00E3DF4D /* Info.plist */ = {isa = PBXFileReference; lastKnownFileType = text.plist; path = Info.plist; sourceTree = "<group>"; };
		F721AA0C2B4F70F100E3DF4D /* Login.swift */ = {isa = PBXFileReference; lastKnownFileType = sourcecode.swift; path = Login.swift; sourceTree = "<group>"; };
		F7304F082B94F22D002FE1C8 /* HistoryViewModel.swift */ = {isa = PBXFileReference; lastKnownFileType = sourcecode.swift; path = HistoryViewModel.swift; sourceTree = "<group>"; };
		F73CCFA42B5A781400E6F7EB /* FeaturedCard.swift */ = {isa = PBXFileReference; lastKnownFileType = sourcecode.swift; path = FeaturedCard.swift; sourceTree = "<group>"; };
		F73CCFA62B5A78D300E6F7EB /* OnboardingHeader.swift */ = {isa = PBXFileReference; lastKnownFileType = sourcecode.swift; path = OnboardingHeader.swift; sourceTree = "<group>"; };
		F73CCFA82B5A7A4500E6F7EB /* OnboardingFooter.swift */ = {isa = PBXFileReference; lastKnownFileType = sourcecode.swift; path = OnboardingFooter.swift; sourceTree = "<group>"; };
		F73CCFAB2B5A7AB800E6F7EB /* PrimaryButtonStyle.swift */ = {isa = PBXFileReference; lastKnownFileType = sourcecode.swift; path = PrimaryButtonStyle.swift; sourceTree = "<group>"; };
		F73CCFAD2B5A7B1500E6F7EB /* SecondaryButtonStyle.swift */ = {isa = PBXFileReference; lastKnownFileType = sourcecode.swift; path = SecondaryButtonStyle.swift; sourceTree = "<group>"; };
		F73CCFAF2B5A7B5200E6F7EB /* BackgroundGradient.swift */ = {isa = PBXFileReference; lastKnownFileType = sourcecode.swift; path = BackgroundGradient.swift; sourceTree = "<group>"; };
		F79696DF2B25DBF8005BA8D0 /* Conversations.swift */ = {isa = PBXFileReference; lastKnownFileType = sourcecode.swift; path = Conversations.swift; sourceTree = "<group>"; };
		F79A10CF2BAA188B006C602B /* APIHelpers.swift */ = {isa = PBXFileReference; lastKnownFileType = sourcecode.swift; path = APIHelpers.swift; sourceTree = "<group>"; };
		F79DB2052B16B8F200E53A75 /* ChatUI.app */ = {isa = PBXFileReference; explicitFileType = wrapper.application; includeInIndex = 0; path = ChatUI.app; sourceTree = BUILT_PRODUCTS_DIR; };
		F79DB2082B16B8F200E53A75 /* ChatUIApp.swift */ = {isa = PBXFileReference; lastKnownFileType = sourcecode.swift; path = ChatUIApp.swift; sourceTree = "<group>"; };
		F79DB20C2B16B8F300E53A75 /* Assets.xcassets */ = {isa = PBXFileReference; lastKnownFileType = folder.assetcatalog; path = Assets.xcassets; sourceTree = "<group>"; };
		F79DB20F2B16B8F300E53A75 /* Preview Assets.xcassets */ = {isa = PBXFileReference; lastKnownFileType = folder.assetcatalog; path = "Preview Assets.xcassets"; sourceTree = "<group>"; };
		F79DB2152B16B8F300E53A75 /* ChatUITests.xctest */ = {isa = PBXFileReference; explicitFileType = wrapper.cfbundle; includeInIndex = 0; path = ChatUITests.xctest; sourceTree = BUILT_PRODUCTS_DIR; };
		F79DB2192B16B8F300E53A75 /* ChatUITests.swift */ = {isa = PBXFileReference; lastKnownFileType = sourcecode.swift; path = ChatUITests.swift; sourceTree = "<group>"; };
		F79DB21F2B16B8F300E53A75 /* ChatUIUITests.xctest */ = {isa = PBXFileReference; explicitFileType = wrapper.cfbundle; includeInIndex = 0; path = ChatUIUITests.xctest; sourceTree = BUILT_PRODUCTS_DIR; };
		F79DB2232B16B8F300E53A75 /* ChatUIUITests.swift */ = {isa = PBXFileReference; lastKnownFileType = sourcecode.swift; path = ChatUIUITests.swift; sourceTree = "<group>"; };
		F79DB2252B16B8F300E53A75 /* ChatUIUITestsLaunchTests.swift */ = {isa = PBXFileReference; lastKnownFileType = sourcecode.swift; path = ChatUIUITestsLaunchTests.swift; sourceTree = "<group>"; };
/* End PBXFileReference section */

/* Begin PBXFrameworksBuildPhase section */
		F79DB2022B16B8F200E53A75 /* Frameworks */ = {
			isa = PBXFrameworksBuildPhase;
			buildActionMask = 2147483647;
			files = (
			);
			runOnlyForDeploymentPostprocessing = 0;
		};
		F79DB2122B16B8F300E53A75 /* Frameworks */ = {
			isa = PBXFrameworksBuildPhase;
			buildActionMask = 2147483647;
			files = (
			);
			runOnlyForDeploymentPostprocessing = 0;
		};
		F79DB21C2B16B8F300E53A75 /* Frameworks */ = {
			isa = PBXFrameworksBuildPhase;
			buildActionMask = 2147483647;
			files = (
			);
			runOnlyForDeploymentPostprocessing = 0;
		};
/* End PBXFrameworksBuildPhase section */

/* Begin PBXGroup section */
		F71C53CB2B60F53A00BF2B70 /* Chat */ = {
			isa = PBXGroup;
			children = (
				F71C53CC2B60F54700BF2B70 /* Chat.swift */,
				F71C53CE2B60FA7200BF2B70 /* ChatFooter.swift */,
				F71C53F32B65592700BF2B70 /* ChatBody.swift */,
				F71C53F92B66321000BF2B70 /* ChatMessageView.swift */,
				F71C53FB2B667A1100BF2B70 /* PromptViewModel.swift */,
				F7304F082B94F22D002FE1C8 /* HistoryViewModel.swift */,
			);
			path = Chat;
			sourceTree = "<group>";
		};
		F71C53D22B61681E00BF2B70 /* Home */ = {
			isa = PBXGroup;
			children = (
				F71C53D02B61670200BF2B70 /* Main.swift */,
				F71C53D32B61683500BF2B70 /* MainHeader.swift */,
				F71C53DB2B616DD700BF2B70 /* ExploreItem.swift */,
				F71C53E32B62D2F600BF2B70 /* ExploreView.swift */,
				F71C53DD2B616FF600BF2B70 /* ChatHistoryItem.swift */,
				F71C53E72B62E18600BF2B70 /* HistoryView.swift */,
			);
			path = Home;
			sourceTree = "<group>";
		};
		F71C53FD2B676E2F00BF2B70 /* Prompt */ = {
			isa = PBXGroup;
			children = (
				F71C53FE2B676F1700BF2B70 /* Model */,
				F71C53ED2B638B3400BF2B70 /* PromptsView.swift */,
				F71C54082B699A7500BF2B70 /* PromptCategoryHome.swift */,
				F71C540A2B699D0C00BF2B70 /* PromptCategoryRow.swift */,
				F71C540C2B699E8E00BF2B70 /* PromptCategoryItem.swift */,
				F71C53DF2B6183E000BF2B70 /* PromptLibraryItem.swift */,
				F71C54042B69785900BF2B70 /* PromptBGGradient.swift */,
				F71C54112B6A5FEA00BF2B70 /* FeaturedPrompt.swift */,
				F71C54172B6A782900BF2B70 /* PromptFilter.swift */,
			);
			path = Prompt;
			sourceTree = "<group>";
		};
		F71C53FE2B676F1700BF2B70 /* Model */ = {
			isa = PBXGroup;
			children = (
				F71C53E92B63800A00BF2B70 /* Prompt.swift */,
				F71C53FF2B68C27600BF2B70 /* PromptModelData.swift */,
			);
			path = Model;
			sourceTree = "<group>";
		};
		F71C54012B68C2B300BF2B70 /* Resources */ = {
			isa = PBXGroup;
			children = (
				F71C54022B696B9D00BF2B70 /* prompts.json */,
			);
			path = Resources;
			sourceTree = "<group>";
		};
		F71C540E2B6A512E00BF2B70 /* PageView */ = {
			isa = PBXGroup;
			children = (
				F71C540F2B6A514C00BF2B70 /* PageViewController.swift */,
				F71C54132B6A61C100BF2B70 /* PageView.swift */,
				F71C54152B6A655700BF2B70 /* PageControl.swift */,
			);
			path = PageView;
			sourceTree = "<group>";
		};
		F721A9782B4F5F8B00E3DF4D /* Modules */ = {
			isa = PBXGroup;
			children = (
				F71C540E2B6A512E00BF2B70 /* PageView */,
				F71C54012B68C2B300BF2B70 /* Resources */,
				F71C53FD2B676E2F00BF2B70 /* Prompt */,
				F71C53D22B61681E00BF2B70 /* Home */,
				F71C53CB2B60F53A00BF2B70 /* Chat */,
				F73CCFAA2B5A7AAF00E6F7EB /* Helpers */,
				F721A9792B4F5F9400E3DF4D /* Onboarding */,
			);
			path = Modules;
			sourceTree = "<group>";
		};
		F721A9792B4F5F9400E3DF4D /* Onboarding */ = {
			isa = PBXGroup;
			children = (
				F721A97A2B4F5FA500E3DF4D /* Onboarding.swift */,
				F721AA0C2B4F70F100E3DF4D /* Login.swift */,
				F73CCFA42B5A781400E6F7EB /* FeaturedCard.swift */,
				F73CCFA62B5A78D300E6F7EB /* OnboardingHeader.swift */,
				F73CCFA82B5A7A4500E6F7EB /* OnboardingFooter.swift */,
				F71747E02BA1E45400BDC6C6 /* APITokenSetup.swift */,
			);
			path = Onboarding;
			sourceTree = "<group>";
		};
		F721A97C2B4F607C00E3DF4D /* Shared */ = {
			isa = PBXGroup;
			children = (
				F721A97D2B4F608D00E3DF4D /* Fonts */,
			);
			path = Shared;
			sourceTree = "<group>";
		};
		F721A97D2B4F608D00E3DF4D /* Fonts */ = {
			isa = PBXGroup;
			children = (
				F721A97E2B4F608D00E3DF4D /* Variable */,
				F721A9B62B4F608D00E3DF4D /* OTF */,
			);
			path = Fonts;
			sourceTree = "<group>";
		};
		F721A97E2B4F608D00E3DF4D /* Variable */ = {
			isa = PBXGroup;
			children = (
				F721A97F2B4F608D00E3DF4D /* Satoshi-VariableItalic.ttf */,
				F721A9802B4F608D00E3DF4D /* Satoshi-Variable.ttf */,
			);
			path = Variable;
			sourceTree = "<group>";
		};
		F721A9B62B4F608D00E3DF4D /* OTF */ = {
			isa = PBXGroup;
			children = (
				F721A9B72B4F608D00E3DF4D /* Satoshi-Bold.otf */,
				F721A9B82B4F608D00E3DF4D /* Satoshi-Italic.otf */,
				F721A9B92B4F608D00E3DF4D /* Satoshi-Black.otf */,
				F721A9BA2B4F608D00E3DF4D /* Satoshi-Regular.otf */,
				F721A9BB2B4F608D00E3DF4D /* Satoshi-BoldItalic.otf */,
				F721A9BC2B4F608D00E3DF4D /* Satoshi-Light.otf */,
				F721A9BD2B4F608D00E3DF4D /* Satoshi-LightItalic.otf */,
				F721A9BE2B4F608D00E3DF4D /* Satoshi-BlackItalic.otf */,
				F721A9BF2B4F608D00E3DF4D /* Satoshi-MediumItalic.otf */,
				F721A9C02B4F608D00E3DF4D /* Satoshi-Medium.otf */,
			);
			path = OTF;
			sourceTree = "<group>";
		};
		F73CCFAA2B5A7AAF00E6F7EB /* Helpers */ = {
			isa = PBXGroup;
			children = (
				F73CCFAB2B5A7AB800E6F7EB /* PrimaryButtonStyle.swift */,
				F73CCFAD2B5A7B1500E6F7EB /* SecondaryButtonStyle.swift */,
				F73CCFAF2B5A7B5200E6F7EB /* BackgroundGradient.swift */,
				F71C53F52B65671E00BF2B70 /* SectionNavigationArrow.swift */,
				F71C54062B69949200BF2B70 /* FavoriteButton.swift */,
				F71747E22BA1E7A300BDC6C6 /* SafariView.swift */,
				F79A10CF2BAA188B006C602B /* APIHelpers.swift */,
			);
			path = Helpers;
			sourceTree = "<group>";
		};
		F78FFE6B2B20BD4600E9FAFA /* Models */ = {
			isa = PBXGroup;
			children = (
				F79696DF2B25DBF8005BA8D0 /* Conversations.swift */,
				F71C53F72B662FCE00BF2B70 /* Message.swift */,
				F71C53E12B62D00900BF2B70 /* Explore.swift */,
				F71C53E52B62D5A500BF2B70 /* History.swift */,
			);
			path = Models;
			sourceTree = "<group>";
		};
		F79DB1FC2B16B8F200E53A75 = {
			isa = PBXGroup;
			children = (
				F721A97C2B4F607C00E3DF4D /* Shared */,
				F79DB2072B16B8F200E53A75 /* ChatUI */,
				F79DB2182B16B8F300E53A75 /* ChatUITests */,
				F79DB2222B16B8F300E53A75 /* ChatUIUITests */,
				F79DB2062B16B8F200E53A75 /* Products */,
			);
			sourceTree = "<group>";
		};
		F79DB2062B16B8F200E53A75 /* Products */ = {
			isa = PBXGroup;
			children = (
				F79DB2052B16B8F200E53A75 /* ChatUI.app */,
				F79DB2152B16B8F300E53A75 /* ChatUITests.xctest */,
				F79DB21F2B16B8F300E53A75 /* ChatUIUITests.xctest */,
			);
			name = Products;
			sourceTree = "<group>";
		};
		F79DB2072B16B8F200E53A75 /* ChatUI */ = {
			isa = PBXGroup;
			children = (
				F721AA0B2B4F620C00E3DF4D /* Info.plist */,
				F721A9782B4F5F8B00E3DF4D /* Modules */,
				F78FFE6B2B20BD4600E9FAFA /* Models */,
				F79DB2082B16B8F200E53A75 /* ChatUIApp.swift */,
				F79DB20C2B16B8F300E53A75 /* Assets.xcassets */,
				F79DB20E2B16B8F300E53A75 /* Preview Content */,
			);
			path = ChatUI;
			sourceTree = "<group>";
		};
		F79DB20E2B16B8F300E53A75 /* Preview Content */ = {
			isa = PBXGroup;
			children = (
				F79DB20F2B16B8F300E53A75 /* Preview Assets.xcassets */,
			);
			path = "Preview Content";
			sourceTree = "<group>";
		};
		F79DB2182B16B8F300E53A75 /* ChatUITests */ = {
			isa = PBXGroup;
			children = (
				F79DB2192B16B8F300E53A75 /* ChatUITests.swift */,
			);
			path = ChatUITests;
			sourceTree = "<group>";
		};
		F79DB2222B16B8F300E53A75 /* ChatUIUITests */ = {
			isa = PBXGroup;
			children = (
				F79DB2232B16B8F300E53A75 /* ChatUIUITests.swift */,
				F79DB2252B16B8F300E53A75 /* ChatUIUITestsLaunchTests.swift */,
			);
			path = ChatUIUITests;
			sourceTree = "<group>";
		};
/* End PBXGroup section */

/* Begin PBXNativeTarget section */
		F79DB2042B16B8F200E53A75 /* ChatUI */ = {
			isa = PBXNativeTarget;
			buildConfigurationList = F79DB2292B16B8F300E53A75 /* Build configuration list for PBXNativeTarget "ChatUI" */;
			buildPhases = (
				F79DB2012B16B8F200E53A75 /* Sources */,
				F79DB2022B16B8F200E53A75 /* Frameworks */,
				F79DB2032B16B8F200E53A75 /* Resources */,
			);
			buildRules = (
			);
			dependencies = (
			);
			name = ChatUI;
			packageProductDependencies = (
			);
			productName = ChatUI;
			productReference = F79DB2052B16B8F200E53A75 /* ChatUI.app */;
			productType = "com.apple.product-type.application";
		};
		F79DB2142B16B8F300E53A75 /* ChatUITests */ = {
			isa = PBXNativeTarget;
			buildConfigurationList = F79DB22C2B16B8F300E53A75 /* Build configuration list for PBXNativeTarget "ChatUITests" */;
			buildPhases = (
				F79DB2112B16B8F300E53A75 /* Sources */,
				F79DB2122B16B8F300E53A75 /* Frameworks */,
				F79DB2132B16B8F300E53A75 /* Resources */,
			);
			buildRules = (
			);
			dependencies = (
				F79DB2172B16B8F300E53A75 /* PBXTargetDependency */,
			);
			name = ChatUITests;
			productName = ChatUITests;
			productReference = F79DB2152B16B8F300E53A75 /* ChatUITests.xctest */;
			productType = "com.apple.product-type.bundle.unit-test";
		};
		F79DB21E2B16B8F300E53A75 /* ChatUIUITests */ = {
			isa = PBXNativeTarget;
			buildConfigurationList = F79DB22F2B16B8F300E53A75 /* Build configuration list for PBXNativeTarget "ChatUIUITests" */;
			buildPhases = (
				F79DB21B2B16B8F300E53A75 /* Sources */,
				F79DB21C2B16B8F300E53A75 /* Frameworks */,
				F79DB21D2B16B8F300E53A75 /* Resources */,
			);
			buildRules = (
			);
			dependencies = (
				F79DB2212B16B8F300E53A75 /* PBXTargetDependency */,
			);
			name = ChatUIUITests;
			productName = ChatUIUITests;
			productReference = F79DB21F2B16B8F300E53A75 /* ChatUIUITests.xctest */;
			productType = "com.apple.product-type.bundle.ui-testing";
		};
/* End PBXNativeTarget section */

/* Begin PBXProject section */
		F79DB1FD2B16B8F200E53A75 /* Project object */ = {
			isa = PBXProject;
			attributes = {
				BuildIndependentTargetsInParallel = 1;
				LastSwiftUpdateCheck = 1500;
				LastUpgradeCheck = 1500;
				TargetAttributes = {
					F79DB2042B16B8F200E53A75 = {
						CreatedOnToolsVersion = 15.0.1;
					};
					F79DB2142B16B8F300E53A75 = {
						CreatedOnToolsVersion = 15.0.1;
						TestTargetID = F79DB2042B16B8F200E53A75;
					};
					F79DB21E2B16B8F300E53A75 = {
						CreatedOnToolsVersion = 15.0.1;
						TestTargetID = F79DB2042B16B8F200E53A75;
					};
				};
			};
			buildConfigurationList = F79DB2002B16B8F200E53A75 /* Build configuration list for PBXProject "ChatUI" */;
			compatibilityVersion = "Xcode 15.0";
			developmentRegion = en;
			hasScannedForEncodings = 0;
			knownRegions = (
				en,
				Base,
			);
			mainGroup = F79DB1FC2B16B8F200E53A75;
			packageReferences = (
			);
			productRefGroup = F79DB2062B16B8F200E53A75 /* Products */;
			projectDirPath = "";
			projectRoot = "";
			targets = (
				F79DB2042B16B8F200E53A75 /* ChatUI */,
				F79DB2142B16B8F300E53A75 /* ChatUITests */,
				F79DB21E2B16B8F300E53A75 /* ChatUIUITests */,
			);
		};
/* End PBXProject section */

/* Begin PBXResourcesBuildPhase section */
		F79DB2032B16B8F200E53A75 /* Resources */ = {
			isa = PBXResourcesBuildPhase;
			buildActionMask = 2147483647;
			files = (
				F721AA082B4F616A00E3DF4D /* Satoshi-Regular.otf in Resources */,
				F721AA062B4F616500E3DF4D /* Satoshi-Light.otf in Resources */,
				F721AA012B4F615000E3DF4D /* Satoshi-Bold.otf in Resources */,
				F721AA072B4F616800E3DF4D /* Satoshi-BoldItalic.otf in Resources */,
				F79A10CE2BA8FBF6006C602B /* Assets.xcassets in Resources */,
				F721AA042B4F615F00E3DF4D /* Satoshi-BlackItalic.otf in Resources */,
				F721AA092B4F616D00E3DF4D /* Satoshi-Black.otf in Resources */,
				F721AA002B4F614100E3DF4D /* Satoshi-Variable.ttf in Resources */,
				F71C54032B696B9D00BF2B70 /* prompts.json in Resources */,
				F721AA032B4F615D00E3DF4D /* Satoshi-MediumItalic.otf in Resources */,
				F721AA022B4F615B00E3DF4D /* Satoshi-Medium.otf in Resources */,
				F721A9FF2B4F613B00E3DF4D /* Satoshi-VariableItalic.ttf in Resources */,
				F721AA052B4F616300E3DF4D /* Satoshi-LightItalic.otf in Resources */,
				F721AA0A2B4F616F00E3DF4D /* Satoshi-Italic.otf in Resources */,
			);
			runOnlyForDeploymentPostprocessing = 0;
		};
		F79DB2132B16B8F300E53A75 /* Resources */ = {
			isa = PBXResourcesBuildPhase;
			buildActionMask = 2147483647;
			files = (
			);
			runOnlyForDeploymentPostprocessing = 0;
		};
		F79DB21D2B16B8F300E53A75 /* Resources */ = {
			isa = PBXResourcesBuildPhase;
			buildActionMask = 2147483647;
			files = (
			);
			runOnlyForDeploymentPostprocessing = 0;
		};
/* End PBXResourcesBuildPhase section */

/* Begin PBXSourcesBuildPhase section */
		F79DB2012B16B8F200E53A75 /* Sources */ = {
			isa = PBXSourcesBuildPhase;
			buildActionMask = 2147483647;
			files = (
				F71C53EE2B638B3400BF2B70 /* PromptsView.swift in Sources */,
				F73CCFA92B5A7A4600E6F7EB /* OnboardingFooter.swift in Sources */,
				F73CCFAE2B5A7B1500E6F7EB /* SecondaryButtonStyle.swift in Sources */,
				F71C54122B6A5FEA00BF2B70 /* FeaturedPrompt.swift in Sources */,
				F71C53E22B62D00900BF2B70 /* Explore.swift in Sources */,
				F71C540B2B699D0C00BF2B70 /* PromptCategoryRow.swift in Sources */,
				F71747E32BA1E7A300BDC6C6 /* SafariView.swift in Sources */,
				F71C53FA2B66321000BF2B70 /* ChatMessageView.swift in Sources */,
				F71C53FC2B667A1100BF2B70 /* PromptViewModel.swift in Sources */,
				F71C53E42B62D2F600BF2B70 /* ExploreView.swift in Sources */,
				F71C53DC2B616DD700BF2B70 /* ExploreItem.swift in Sources */,
				F71C54182B6A782900BF2B70 /* PromptFilter.swift in Sources */,
				F73CCFB02B5A7B5200E6F7EB /* BackgroundGradient.swift in Sources */,
				F71C540D2B699E8E00BF2B70 /* PromptCategoryItem.swift in Sources */,
				F71C54162B6A655700BF2B70 /* PageControl.swift in Sources */,
				F71C53D12B61670200BF2B70 /* Main.swift in Sources */,
				F71C53DE2B616FF600BF2B70 /* ChatHistoryItem.swift in Sources */,
				F73CCFA72B5A78D300E6F7EB /* OnboardingHeader.swift in Sources */,
				F71C54072B69949200BF2B70 /* FavoriteButton.swift in Sources */,
				F71C54142B6A61C100BF2B70 /* PageView.swift in Sources */,
				F79A10D02BAA188B006C602B /* APIHelpers.swift in Sources */,
				F71C53E82B62E18600BF2B70 /* HistoryView.swift in Sources */,
				F71C54052B69785900BF2B70 /* PromptBGGradient.swift in Sources */,
				F73CCFA52B5A781400E6F7EB /* FeaturedCard.swift in Sources */,
				F71C54092B699A7500BF2B70 /* PromptCategoryHome.swift in Sources */,
				F71C53CD2B60F54700BF2B70 /* Chat.swift in Sources */,
				F71C53F62B65671E00BF2B70 /* SectionNavigationArrow.swift in Sources */,
				F71C53CF2B60FA7200BF2B70 /* ChatFooter.swift in Sources */,
				F71747E12BA1E45400BDC6C6 /* APITokenSetup.swift in Sources */,
				F71C53F82B662FCE00BF2B70 /* Message.swift in Sources */,
				F71C53EA2B63800A00BF2B70 /* Prompt.swift in Sources */,
				F73CCFAC2B5A7AB800E6F7EB /* PrimaryButtonStyle.swift in Sources */,
				F71C53E02B6183E000BF2B70 /* PromptLibraryItem.swift in Sources */,
				F7304F092B94F22D002FE1C8 /* HistoryViewModel.swift in Sources */,
				F71C53E62B62D5A500BF2B70 /* History.swift in Sources */,
				F79DB2092B16B8F200E53A75 /* ChatUIApp.swift in Sources */,
				F721A97B2B4F5FA500E3DF4D /* Onboarding.swift in Sources */,
				F721AA0D2B4F70F100E3DF4D /* Login.swift in Sources */,
				F71C54102B6A514C00BF2B70 /* PageViewController.swift in Sources */,
				F71C54002B68C27600BF2B70 /* PromptModelData.swift in Sources */,
				F71C53D42B61683500BF2B70 /* MainHeader.swift in Sources */,
				F79696E02B25DBF8005BA8D0 /* Conversations.swift in Sources */,
				F71C53F42B65592700BF2B70 /* ChatBody.swift in Sources */,
			);
			runOnlyForDeploymentPostprocessing = 0;
		};
		F79DB2112B16B8F300E53A75 /* Sources */ = {
			isa = PBXSourcesBuildPhase;
			buildActionMask = 2147483647;
			files = (
				F79DB21A2B16B8F300E53A75 /* ChatUITests.swift in Sources */,
			);
			runOnlyForDeploymentPostprocessing = 0;
		};
		F79DB21B2B16B8F300E53A75 /* Sources */ = {
			isa = PBXSourcesBuildPhase;
			buildActionMask = 2147483647;
			files = (
				F79DB2262B16B8F300E53A75 /* ChatUIUITestsLaunchTests.swift in Sources */,
				F79DB2242B16B8F300E53A75 /* ChatUIUITests.swift in Sources */,
			);
			runOnlyForDeploymentPostprocessing = 0;
		};
/* End PBXSourcesBuildPhase section */

/* Begin PBXTargetDependency section */
		F79DB2172B16B8F300E53A75 /* PBXTargetDependency */ = {
			isa = PBXTargetDependency;
			target = F79DB2042B16B8F200E53A75 /* ChatUI */;
			targetProxy = F79DB2162B16B8F300E53A75 /* PBXContainerItemProxy */;
		};
		F79DB2212B16B8F300E53A75 /* PBXTargetDependency */ = {
			isa = PBXTargetDependency;
			target = F79DB2042B16B8F200E53A75 /* ChatUI */;
			targetProxy = F79DB2202B16B8F300E53A75 /* PBXContainerItemProxy */;
		};
/* End PBXTargetDependency section */

/* Begin XCBuildConfiguration section */
		F79DB2272B16B8F300E53A75 /* Debug */ = {
			isa = XCBuildConfiguration;
			buildSettings = {
				ALWAYS_SEARCH_USER_PATHS = NO;
				ASSETCATALOG_COMPILER_GENERATE_SWIFT_ASSET_SYMBOL_EXTENSIONS = YES;
				CLANG_ANALYZER_NONNULL = YES;
				CLANG_ANALYZER_NUMBER_OBJECT_CONVERSION = YES_AGGRESSIVE;
				CLANG_CXX_LANGUAGE_STANDARD = "gnu++20";
				CLANG_ENABLE_MODULES = YES;
				CLANG_ENABLE_OBJC_ARC = YES;
				CLANG_ENABLE_OBJC_WEAK = YES;
				CLANG_WARN_BLOCK_CAPTURE_AUTORELEASING = YES;
				CLANG_WARN_BOOL_CONVERSION = YES;
				CLANG_WARN_COMMA = YES;
				CLANG_WARN_CONSTANT_CONVERSION = YES;
				CLANG_WARN_DEPRECATED_OBJC_IMPLEMENTATIONS = YES;
				CLANG_WARN_DIRECT_OBJC_ISA_USAGE = YES_ERROR;
				CLANG_WARN_DOCUMENTATION_COMMENTS = YES;
				CLANG_WARN_EMPTY_BODY = YES;
				CLANG_WARN_ENUM_CONVERSION = YES;
				CLANG_WARN_INFINITE_RECURSION = YES;
				CLANG_WARN_INT_CONVERSION = YES;
				CLANG_WARN_NON_LITERAL_NULL_CONVERSION = YES;
				CLANG_WARN_OBJC_IMPLICIT_RETAIN_SELF = YES;
				CLANG_WARN_OBJC_LITERAL_CONVERSION = YES;
				CLANG_WARN_OBJC_ROOT_CLASS = YES_ERROR;
				CLANG_WARN_QUOTED_INCLUDE_IN_FRAMEWORK_HEADER = YES;
				CLANG_WARN_RANGE_LOOP_ANALYSIS = YES;
				CLANG_WARN_STRICT_PROTOTYPES = YES;
				CLANG_WARN_SUSPICIOUS_MOVE = YES;
				CLANG_WARN_UNGUARDED_AVAILABILITY = YES_AGGRESSIVE;
				CLANG_WARN_UNREACHABLE_CODE = YES;
				CLANG_WARN__DUPLICATE_METHOD_MATCH = YES;
				COPY_PHASE_STRIP = NO;
				DEBUG_INFORMATION_FORMAT = dwarf;
				ENABLE_STRICT_OBJC_MSGSEND = YES;
				ENABLE_TESTABILITY = YES;
				ENABLE_USER_SCRIPT_SANDBOXING = YES;
				GCC_C_LANGUAGE_STANDARD = gnu17;
				GCC_DYNAMIC_NO_PIC = NO;
				GCC_NO_COMMON_BLOCKS = YES;
				GCC_OPTIMIZATION_LEVEL = 0;
				GCC_PREPROCESSOR_DEFINITIONS = (
					"DEBUG=1",
					"$(inherited)",
				);
				GCC_WARN_64_TO_32_BIT_CONVERSION = YES;
				GCC_WARN_ABOUT_RETURN_TYPE = YES_ERROR;
				GCC_WARN_UNDECLARED_SELECTOR = YES;
				GCC_WARN_UNINITIALIZED_AUTOS = YES_AGGRESSIVE;
				GCC_WARN_UNUSED_FUNCTION = YES;
				GCC_WARN_UNUSED_VARIABLE = YES;
				IPHONEOS_DEPLOYMENT_TARGET = 17.0;
				LOCALIZATION_PREFERS_STRING_CATALOGS = YES;
				MTL_ENABLE_DEBUG_INFO = INCLUDE_SOURCE;
				MTL_FAST_MATH = YES;
				ONLY_ACTIVE_ARCH = YES;
				SDKROOT = iphoneos;
				SWIFT_ACTIVE_COMPILATION_CONDITIONS = "DEBUG $(inherited)";
				SWIFT_OPTIMIZATION_LEVEL = "-Onone";
			};
			name = Debug;
		};
		F79DB2282B16B8F300E53A75 /* Release */ = {
			isa = XCBuildConfiguration;
			buildSettings = {
				ALWAYS_SEARCH_USER_PATHS = NO;
				ASSETCATALOG_COMPILER_GENERATE_SWIFT_ASSET_SYMBOL_EXTENSIONS = YES;
				CLANG_ANALYZER_NONNULL = YES;
				CLANG_ANALYZER_NUMBER_OBJECT_CONVERSION = YES_AGGRESSIVE;
				CLANG_CXX_LANGUAGE_STANDARD = "gnu++20";
				CLANG_ENABLE_MODULES = YES;
				CLANG_ENABLE_OBJC_ARC = YES;
				CLANG_ENABLE_OBJC_WEAK = YES;
				CLANG_WARN_BLOCK_CAPTURE_AUTORELEASING = YES;
				CLANG_WARN_BOOL_CONVERSION = YES;
				CLANG_WARN_COMMA = YES;
				CLANG_WARN_CONSTANT_CONVERSION = YES;
				CLANG_WARN_DEPRECATED_OBJC_IMPLEMENTATIONS = YES;
				CLANG_WARN_DIRECT_OBJC_ISA_USAGE = YES_ERROR;
				CLANG_WARN_DOCUMENTATION_COMMENTS = YES;
				CLANG_WARN_EMPTY_BODY = YES;
				CLANG_WARN_ENUM_CONVERSION = YES;
				CLANG_WARN_INFINITE_RECURSION = YES;
				CLANG_WARN_INT_CONVERSION = YES;
				CLANG_WARN_NON_LITERAL_NULL_CONVERSION = YES;
				CLANG_WARN_OBJC_IMPLICIT_RETAIN_SELF = YES;
				CLANG_WARN_OBJC_LITERAL_CONVERSION = YES;
				CLANG_WARN_OBJC_ROOT_CLASS = YES_ERROR;
				CLANG_WARN_QUOTED_INCLUDE_IN_FRAMEWORK_HEADER = YES;
				CLANG_WARN_RANGE_LOOP_ANALYSIS = YES;
				CLANG_WARN_STRICT_PROTOTYPES = YES;
				CLANG_WARN_SUSPICIOUS_MOVE = YES;
				CLANG_WARN_UNGUARDED_AVAILABILITY = YES_AGGRESSIVE;
				CLANG_WARN_UNREACHABLE_CODE = YES;
				CLANG_WARN__DUPLICATE_METHOD_MATCH = YES;
				COPY_PHASE_STRIP = NO;
				DEBUG_INFORMATION_FORMAT = "dwarf-with-dsym";
				ENABLE_NS_ASSERTIONS = NO;
				ENABLE_STRICT_OBJC_MSGSEND = YES;
				ENABLE_USER_SCRIPT_SANDBOXING = YES;
				GCC_C_LANGUAGE_STANDARD = gnu17;
				GCC_NO_COMMON_BLOCKS = YES;
				GCC_WARN_64_TO_32_BIT_CONVERSION = YES;
				GCC_WARN_ABOUT_RETURN_TYPE = YES_ERROR;
				GCC_WARN_UNDECLARED_SELECTOR = YES;
				GCC_WARN_UNINITIALIZED_AUTOS = YES_AGGRESSIVE;
				GCC_WARN_UNUSED_FUNCTION = YES;
				GCC_WARN_UNUSED_VARIABLE = YES;
				IPHONEOS_DEPLOYMENT_TARGET = 17.0;
				LOCALIZATION_PREFERS_STRING_CATALOGS = YES;
				MTL_ENABLE_DEBUG_INFO = NO;
				MTL_FAST_MATH = YES;
				SDKROOT = iphoneos;
				SWIFT_COMPILATION_MODE = wholemodule;
				VALIDATE_PRODUCT = YES;
			};
			name = Release;
		};
		F79DB22A2B16B8F300E53A75 /* Debug */ = {
			isa = XCBuildConfiguration;
			buildSettings = {
				ASSETCATALOG_COMPILER_APPICON_NAME = AppIcon;
				ASSETCATALOG_COMPILER_GLOBAL_ACCENT_COLOR_NAME = AccentColor;
				CODE_SIGN_STYLE = Automatic;
				CURRENT_PROJECT_VERSION = 1;
				DEVELOPMENT_ASSET_PATHS = "\"ChatUI/Preview Content\"";
				DEVELOPMENT_TEAM = N4M5PL4DJK;
				ENABLE_PREVIEWS = YES;
				GENERATE_INFOPLIST_FILE = YES;
				INFOPLIST_FILE = ChatUI/Info.plist;
				INFOPLIST_KEY_CFBundleDisplayName = AI4U;
				INFOPLIST_KEY_UIApplicationSceneManifest_Generation = YES;
				INFOPLIST_KEY_UIApplicationSupportsIndirectInputEvents = YES;
				INFOPLIST_KEY_UILaunchScreen_Generation = YES;
				INFOPLIST_KEY_UISupportedInterfaceOrientations_iPad = "UIInterfaceOrientationPortrait UIInterfaceOrientationPortraitUpsideDown UIInterfaceOrientationLandscapeLeft UIInterfaceOrientationLandscapeRight";
				INFOPLIST_KEY_UISupportedInterfaceOrientations_iPhone = "UIInterfaceOrientationPortrait UIInterfaceOrientationLandscapeLeft UIInterfaceOrientationLandscapeRight";
				LD_RUNPATH_SEARCH_PATHS = (
					"$(inherited)",
					"@executable_path/Frameworks",
				);
				MARKETING_VERSION = 1.0;
				PRODUCT_BUNDLE_IDENTIFIER = com.demo.ChatUI;
				PRODUCT_NAME = "$(TARGET_NAME)";
				SUPPORTED_PLATFORMS = "iphoneos iphonesimulator";
				SUPPORTS_MACCATALYST = NO;
				SUPPORTS_MAC_DESIGNED_FOR_IPHONE_IPAD = NO;
				SUPPORTS_XR_DESIGNED_FOR_IPHONE_IPAD = NO;
				SWIFT_EMIT_LOC_STRINGS = YES;
				SWIFT_VERSION = 5.0;
				TARGETED_DEVICE_FAMILY = 1;
			};
			name = Debug;
		};
		F79DB22B2B16B8F300E53A75 /* Release */ = {
			isa = XCBuildConfiguration;
			buildSettings = {
				ASSETCATALOG_COMPILER_APPICON_NAME = AppIcon;
				ASSETCATALOG_COMPILER_GLOBAL_ACCENT_COLOR_NAME = AccentColor;
				CODE_SIGN_STYLE = Automatic;
				CURRENT_PROJECT_VERSION = 1;
				DEVELOPMENT_ASSET_PATHS = "\"ChatUI/Preview Content\"";
				DEVELOPMENT_TEAM = N4M5PL4DJK;
				ENABLE_PREVIEWS = YES;
				GENERATE_INFOPLIST_FILE = YES;
				INFOPLIST_FILE = ChatUI/Info.plist;
				INFOPLIST_KEY_CFBundleDisplayName = AI4U;
				INFOPLIST_KEY_UIApplicationSceneManifest_Generation = YES;
				INFOPLIST_KEY_UIApplicationSupportsIndirectInputEvents = YES;
				INFOPLIST_KEY_UILaunchScreen_Generation = YES;
				INFOPLIST_KEY_UISupportedInterfaceOrientations_iPad = "UIInterfaceOrientationPortrait UIInterfaceOrientationPortraitUpsideDown UIInterfaceOrientationLandscapeLeft UIInterfaceOrientationLandscapeRight";
				INFOPLIST_KEY_UISupportedInterfaceOrientations_iPhone = "UIInterfaceOrientationPortrait UIInterfaceOrientationLandscapeLeft UIInterfaceOrientationLandscapeRight";
				LD_RUNPATH_SEARCH_PATHS = (
					"$(inherited)",
					"@executable_path/Frameworks",
				);
				MARKETING_VERSION = 1.0;
				PRODUCT_BUNDLE_IDENTIFIER = com.demo.ChatUI;
				PRODUCT_NAME = "$(TARGET_NAME)";
				SUPPORTED_PLATFORMS = "iphoneos iphonesimulator";
				SUPPORTS_MACCATALYST = NO;
				SUPPORTS_MAC_DESIGNED_FOR_IPHONE_IPAD = NO;
				SUPPORTS_XR_DESIGNED_FOR_IPHONE_IPAD = NO;
				SWIFT_EMIT_LOC_STRINGS = YES;
				SWIFT_VERSION = 5.0;
				TARGETED_DEVICE_FAMILY = 1;
			};
			name = Release;
		};
		F79DB22D2B16B8F300E53A75 /* Debug */ = {
			isa = XCBuildConfiguration;
			buildSettings = {
				ALWAYS_EMBED_SWIFT_STANDARD_LIBRARIES = YES;
				BUNDLE_LOADER = "$(TEST_HOST)";
				CODE_SIGN_STYLE = Automatic;
				CURRENT_PROJECT_VERSION = 1;
				GENERATE_INFOPLIST_FILE = YES;
				IPHONEOS_DEPLOYMENT_TARGET = 17.0;
				MARKETING_VERSION = 1.0;
				PRODUCT_BUNDLE_IDENTIFIER = com.demo.ChatUITests;
				PRODUCT_NAME = "$(TARGET_NAME)";
				SWIFT_EMIT_LOC_STRINGS = NO;
				SWIFT_VERSION = 5.0;
				TARGETED_DEVICE_FAMILY = "1,2";
				TEST_HOST = "$(BUILT_PRODUCTS_DIR)/ChatUI.app/$(BUNDLE_EXECUTABLE_FOLDER_PATH)/ChatUI";
			};
			name = Debug;
		};
		F79DB22E2B16B8F300E53A75 /* Release */ = {
			isa = XCBuildConfiguration;
			buildSettings = {
				ALWAYS_EMBED_SWIFT_STANDARD_LIBRARIES = YES;
				BUNDLE_LOADER = "$(TEST_HOST)";
				CODE_SIGN_STYLE = Automatic;
				CURRENT_PROJECT_VERSION = 1;
				GENERATE_INFOPLIST_FILE = YES;
				IPHONEOS_DEPLOYMENT_TARGET = 17.0;
				MARKETING_VERSION = 1.0;
				PRODUCT_BUNDLE_IDENTIFIER = com.demo.ChatUITests;
				PRODUCT_NAME = "$(TARGET_NAME)";
				SWIFT_EMIT_LOC_STRINGS = NO;
				SWIFT_VERSION = 5.0;
				TARGETED_DEVICE_FAMILY = "1,2";
				TEST_HOST = "$(BUILT_PRODUCTS_DIR)/ChatUI.app/$(BUNDLE_EXECUTABLE_FOLDER_PATH)/ChatUI";
			};
			name = Release;
		};
		F79DB2302B16B8F300E53A75 /* Debug */ = {
			isa = XCBuildConfiguration;
			buildSettings = {
				ALWAYS_EMBED_SWIFT_STANDARD_LIBRARIES = YES;
				CODE_SIGN_STYLE = Automatic;
				CURRENT_PROJECT_VERSION = 1;
				GENERATE_INFOPLIST_FILE = YES;
				MARKETING_VERSION = 1.0;
				PRODUCT_BUNDLE_IDENTIFIER = com.demo.ChatUIUITests;
				PRODUCT_NAME = "$(TARGET_NAME)";
				SWIFT_EMIT_LOC_STRINGS = NO;
				SWIFT_VERSION = 5.0;
				TARGETED_DEVICE_FAMILY = "1,2";
				TEST_TARGET_NAME = ChatUI;
			};
			name = Debug;
		};
		F79DB2312B16B8F300E53A75 /* Release */ = {
			isa = XCBuildConfiguration;
			buildSettings = {
				ALWAYS_EMBED_SWIFT_STANDARD_LIBRARIES = YES;
				CODE_SIGN_STYLE = Automatic;
				CURRENT_PROJECT_VERSION = 1;
				GENERATE_INFOPLIST_FILE = YES;
				MARKETING_VERSION = 1.0;
				PRODUCT_BUNDLE_IDENTIFIER = com.demo.ChatUIUITests;
				PRODUCT_NAME = "$(TARGET_NAME)";
				SWIFT_EMIT_LOC_STRINGS = NO;
				SWIFT_VERSION = 5.0;
				TARGETED_DEVICE_FAMILY = "1,2";
				TEST_TARGET_NAME = ChatUI;
			};
			name = Release;
		};
/* End XCBuildConfiguration section */

/* Begin XCConfigurationList section */
		F79DB2002B16B8F200E53A75 /* Build configuration list for PBXProject "ChatUI" */ = {
			isa = XCConfigurationList;
			buildConfigurations = (
				F79DB2272B16B8F300E53A75 /* Debug */,
				F79DB2282B16B8F300E53A75 /* Release */,
			);
			defaultConfigurationIsVisible = 0;
			defaultConfigurationName = Release;
		};
		F79DB2292B16B8F300E53A75 /* Build configuration list for PBXNativeTarget "ChatUI" */ = {
			isa = XCConfigurationList;
			buildConfigurations = (
				F79DB22A2B16B8F300E53A75 /* Debug */,
				F79DB22B2B16B8F300E53A75 /* Release */,
			);
			defaultConfigurationIsVisible = 0;
			defaultConfigurationName = Release;
		};
		F79DB22C2B16B8F300E53A75 /* Build configuration list for PBXNativeTarget "ChatUITests" */ = {
			isa = XCConfigurationList;
			buildConfigurations = (
				F79DB22D2B16B8F300E53A75 /* Debug */,
				F79DB22E2B16B8F300E53A75 /* Release */,
			);
			defaultConfigurationIsVisible = 0;
			defaultConfigurationName = Release;
		};
		F79DB22F2B16B8F300E53A75 /* Build configuration list for PBXNativeTarget "ChatUIUITests" */ = {
			isa = XCConfigurationList;
			buildConfigurations = (
				F79DB2302B16B8F300E53A75 /* Debug */,
				F79DB2312B16B8F300E53A75 /* Release */,
			);
			defaultConfigurationIsVisible = 0;
			defaultConfigurationName = Release;
		};
/* End XCConfigurationList section */
	};
	rootObject = F79DB1FD2B16B8F200E53A75 /* Project object */;
}
